
Microsoft Visual Studio Solution File, Format Version 12.00
# Visual Studio 15
VisualStudioVersion = 15.0.28307.168
MinimumVisualStudioVersion = 10.0.40219.1
Project("{2150E333-8FDC-42A3-9474-1A3956D46DE8}") = "src", "src", "{6A391898-D9E3-4498-9A10-7AA13E3B2AA9}"
EndProject
Project("{2150E333-8FDC-42A3-9474-1A3956D46DE8}") = "services", "services", "{D441715C-BA93-4EDA-B698-DC10511BD0B6}"
EndProject
Project("{2150E333-8FDC-42A3-9474-1A3956D46DE8}") = "ArtistsAPI", "ArtistsAPI", "{BEECE908-9C7D-4FF2-9B3D-5759F7FAA355}"
EndProject
Project("{2150E333-8FDC-42A3-9474-1A3956D46DE8}") = "tests", "tests", "{06CB2F15-3D59-48D2-BABF-91CAC37AC7B1}"
EndProject
Project("{2150E333-8FDC-42A3-9474-1A3956D46DE8}") = "docs", "docs", "{CA035D0E-6D22-43A6-A9F3-38221B16F607}"
EndProject
Project("{FAE04EC0-301F-11D3-BF4B-00C04F79EFBC}") = "Artists.API", "src\Services\Artists\Artists.API\Artists.API.csproj", "{171CDA53-3F5F-4F3A-94D8-7CBC940FACFD}"
EndProject
Global
	GlobalSection(SolutionConfigurationPlatforms) = preSolution
		Debug|Any CPU = Debug|Any CPU
		Release|Any CPU = Release|Any CPU
	EndGlobalSection
	GlobalSection(ProjectConfigurationPlatforms) = postSolution
		{171CDA53-3F5F-4F3A-94D8-7CBC940FACFD}.Debug|Any CPU.ActiveCfg = Debug|Any CPU
		{171CDA53-3F5F-4F3A-94D8-7CBC940FACFD}.Debug|Any CPU.Build.0 = Debug|Any CPU
		{171CDA53-3F5F-4F3A-94D8-7CBC940FACFD}.Release|Any CPU.ActiveCfg = Release|Any CPU
		{171CDA53-3F5F-4F3A-94D8-7CBC940FACFD}.Release|Any CPU.Build.0 = Release|Any CPU
	EndGlobalSection
	GlobalSection(SolutionProperties) = preSolution
		HideSolutionNode = FALSE
	EndGlobalSection
	GlobalSection(NestedProjects) = preSolution
		{D441715C-BA93-4EDA-B698-DC10511BD0B6} = {6A391898-D9E3-4498-9A10-7AA13E3B2AA9}
		{BEECE908-9C7D-4FF2-9B3D-5759F7FAA355} = {D441715C-BA93-4EDA-B698-DC10511BD0B6}
		{171CDA53-3F5F-4F3A-94D8-7CBC940FACFD} = {BEECE908-9C7D-4FF2-9B3D-5759F7FAA355}
	EndGlobalSection
	GlobalSection(ExtensibilityGlobals) = postSolution
		SolutionGuid = {F5E5F34C-9A65-4D1E-8EC5-E0754A5E943F}
	EndGlobalSection
EndGlobal
